
Microsoft Visual Studio Solution File, Format Version 12.00
# Visual Studio Version 17
VisualStudioVersion = 17.10.35004.147
MinimumVisualStudioVersion = 10.0.40219.1
Project("{8BC9CEB8-8B4A-11D0-8D11-00A0C91BC942}") = "ShellcodeExec", "ShellcodeExec.vcxproj", "{872CAFC1-5AF5-405B-9BCC-59B5C8CF89DE}"
EndProject
Global
	GlobalSection(SolutionConfigurationPlatforms) = preSolution
		Debug|x64 = Debug|x64
		Debug|x86 = Debug|x86
		Release|x64 = Release|x64
		Release|x86 = Release|x86
	EndGlobalSection
	GlobalSection(ProjectConfigurationPlatforms) = postSolution
		{872CAFC1-5AF5-405B-9BCC-59B5C8CF89DE}.Debug|x64.ActiveCfg = Debug|x64
		{872CAFC1-5AF5-405B-9BCC-59B5C8CF89DE}.Debug|x64.Build.0 = Debug|x64
		{872CAFC1-5AF5-405B-9BCC-59B5C8CF89DE}.Debug|x86.ActiveCfg = Debug|Win32
		{872CAFC1-5AF5-405B-9BCC-59B5C8CF89DE}.Debug|x86.Build.0 = Debug|Win32
		{872CAFC1-5AF5-405B-9BCC-59B5C8CF89DE}.Release|x64.ActiveCfg = Release|x64
		{872CAFC1-5AF5-405B-9BCC-59B5C8CF89DE}.Release|x64.Build.0 = Release|x64
		{872CAFC1-5AF5-405B-9BCC-59B5C8CF89DE}.Release|x86.ActiveCfg = Release|Win32
		{872CAFC1-5AF5-405B-9BCC-59B5C8CF89DE}.Release|x86.Build.0 = Release|Win32
	EndGlobalSection
	GlobalSection(SolutionProperties) = preSolution
		HideSolutionNode = FALSE
	EndGlobalSection
	GlobalSection(ExtensibilityGlobals) = postSolution
		SolutionGuid = {6699C36B-084D-4684-9CCE-1B26641E6EDD}
	EndGlobalSection
EndGlobal
